
Microsoft Visual Studio Solution File, Format Version 12.00
# Visual Studio Version 17
VisualStudioVersion = 17.6.33815.320
MinimumVisualStudioVersion = 10.0.40219.1
Project("{9A19103F-16F7-4668-BE54-9A1E7A4F7556}") = "DalTest", "DalTest\DalTest.csproj", "{BB51D602-0723-4F89-A9C8-3CEE3C3FEEEF}"
EndProject
Project("{9A19103F-16F7-4668-BE54-9A1E7A4F7556}") = "DalFacade", "DalFacade\DalFacade.csproj", "{572D0838-6FF2-4D0D-8BD4-1D898E01AC6B}"
EndProject
Project("{9A19103F-16F7-4668-BE54-9A1E7A4F7556}") = "DalList", "DalList\DalList.csproj", "{988B27B7-E264-4595-BF9A-FA5F1E430D27}"
EndProject
Project("{9A19103F-16F7-4668-BE54-9A1E7A4F7556}") = "Tools", "Tools\Tools.csproj", "{745BFDC3-D27E-4506-8859-A34E87C9B0A0}"
EndProject
Project("{2150E333-8FDC-42A3-9474-1A3956D46DE8}") = "xml", "xml", "{3288F0DD-3591-4565-B39F-E8714B82377B}"
	ProjectSection(SolutionItems) = preProject
		xml\customers.xml = xml\customers.xml
		xml\dal-config.xml = xml\dal-config.xml
		xml\data-config.xml = xml\data-config.xml
		xml\products.xml = xml\products.xml
		xml\sales.xml = xml\sales.xml
	EndProjectSection
EndProject
Project("{FAE04EC0-301F-11D3-BF4B-00C04F79EFBC}") = "BL", "BL\BL.csproj", "{F724FEC8-31F6-4C26-8BD5-EB5DEAABAE6F}"
EndProject
Project("{FAE04EC0-301F-11D3-BF4B-00C04F79EFBC}") = "BlTest", "BlTest\BlTest.csproj", "{C94004C8-C711-46F3-AD24-F7AFB90013D3}"
EndProject
Project("{FAE04EC0-301F-11D3-BF4B-00C04F79EFBC}") = "DalXml", "DalXml\DalXml.csproj", "{86CF6CDD-D1C1-4955-AA87-F3A4F2711CB5}"
EndProject
Project("{FAE04EC0-301F-11D3-BF4B-00C04F79EFBC}") = "UI", "UI\UI.csproj", "{9AE5A6B1-59DB-4353-B733-2C3DD8BF5862}"
EndProject
Global
	GlobalSection(SolutionConfigurationPlatforms) = preSolution
		Debug|Any CPU = Debug|Any CPU
		Release|Any CPU = Release|Any CPU
	EndGlobalSection
	GlobalSection(ProjectConfigurationPlatforms) = postSolution
		{BB51D602-0723-4F89-A9C8-3CEE3C3FEEEF}.Debug|Any CPU.ActiveCfg = Debug|Any CPU
		{BB51D602-0723-4F89-A9C8-3CEE3C3FEEEF}.Debug|Any CPU.Build.0 = Debug|Any CPU
		{BB51D602-0723-4F89-A9C8-3CEE3C3FEEEF}.Release|Any CPU.ActiveCfg = Release|Any CPU
		{BB51D602-0723-4F89-A9C8-3CEE3C3FEEEF}.Release|Any CPU.Build.0 = Release|Any CPU
		{572D0838-6FF2-4D0D-8BD4-1D898E01AC6B}.Debug|Any CPU.ActiveCfg = Debug|Any CPU
		{572D0838-6FF2-4D0D-8BD4-1D898E01AC6B}.Debug|Any CPU.Build.0 = Debug|Any CPU
		{572D0838-6FF2-4D0D-8BD4-1D898E01AC6B}.Release|Any CPU.ActiveCfg = Release|Any CPU
		{572D0838-6FF2-4D0D-8BD4-1D898E01AC6B}.Release|Any CPU.Build.0 = Release|Any CPU
		{988B27B7-E264-4595-BF9A-FA5F1E430D27}.Debug|Any CPU.ActiveCfg = Debug|Any CPU
		{988B27B7-E264-4595-BF9A-FA5F1E430D27}.Debug|Any CPU.Build.0 = Debug|Any CPU
		{988B27B7-E264-4595-BF9A-FA5F1E430D27}.Release|Any CPU.ActiveCfg = Release|Any CPU
		{988B27B7-E264-4595-BF9A-FA5F1E430D27}.Release|Any CPU.Build.0 = Release|Any CPU
		{745BFDC3-D27E-4506-8859-A34E87C9B0A0}.Debug|Any CPU.ActiveCfg = Debug|Any CPU
		{745BFDC3-D27E-4506-8859-A34E87C9B0A0}.Debug|Any CPU.Build.0 = Debug|Any CPU
		{745BFDC3-D27E-4506-8859-A34E87C9B0A0}.Release|Any CPU.ActiveCfg = Release|Any CPU
		{745BFDC3-D27E-4506-8859-A34E87C9B0A0}.Release|Any CPU.Build.0 = Release|Any CPU
		{F724FEC8-31F6-4C26-8BD5-EB5DEAABAE6F}.Debug|Any CPU.ActiveCfg = Debug|Any CPU
		{F724FEC8-31F6-4C26-8BD5-EB5DEAABAE6F}.Debug|Any CPU.Build.0 = Debug|Any CPU
		{F724FEC8-31F6-4C26-8BD5-EB5DEAABAE6F}.Release|Any CPU.ActiveCfg = Release|Any CPU
		{F724FEC8-31F6-4C26-8BD5-EB5DEAABAE6F}.Release|Any CPU.Build.0 = Release|Any CPU
		{C94004C8-C711-46F3-AD24-F7AFB90013D3}.Debug|Any CPU.ActiveCfg = Debug|Any CPU
		{C94004C8-C711-46F3-AD24-F7AFB90013D3}.Debug|Any CPU.Build.0 = Debug|Any CPU
		{C94004C8-C711-46F3-AD24-F7AFB90013D3}.Release|Any CPU.ActiveCfg = Release|Any CPU
		{C94004C8-C711-46F3-AD24-F7AFB90013D3}.Release|Any CPU.Build.0 = Release|Any CPU
		{86CF6CDD-D1C1-4955-AA87-F3A4F2711CB5}.Debug|Any CPU.ActiveCfg = Debug|Any CPU
		{86CF6CDD-D1C1-4955-AA87-F3A4F2711CB5}.Debug|Any CPU.Build.0 = Debug|Any CPU
		{86CF6CDD-D1C1-4955-AA87-F3A4F2711CB5}.Release|Any CPU.ActiveCfg = Release|Any CPU
		{86CF6CDD-D1C1-4955-AA87-F3A4F2711CB5}.Release|Any CPU.Build.0 = Release|Any CPU
		{9AE5A6B1-59DB-4353-B733-2C3DD8BF5862}.Debug|Any CPU.ActiveCfg = Debug|Any CPU
		{9AE5A6B1-59DB-4353-B733-2C3DD8BF5862}.Debug|Any CPU.Build.0 = Debug|Any CPU
		{9AE5A6B1-59DB-4353-B733-2C3DD8BF5862}.Release|Any CPU.ActiveCfg = Release|Any CPU
		{9AE5A6B1-59DB-4353-B733-2C3DD8BF5862}.Release|Any CPU.Build.0 = Release|Any CPU
	EndGlobalSection
	GlobalSection(SolutionProperties) = preSolution
		HideSolutionNode = FALSE
	EndGlobalSection
	GlobalSection(ExtensibilityGlobals) = postSolution
		SolutionGuid = {45B28E02-8C37-4884-A686-1EC566B64864}
	EndGlobalSection
EndGlobal
